
Microsoft Visual Studio Solution File, Format Version 11.00
# Visual Studio 2010
Project("{FAE04EC0-301F-11D3-BF4B-00C04F79EFBC}") = "YocoInterviewTake5", "TablesiOS_demo5\YocoInterviewTake5.csproj", "{15D8E98D-D803-4CCC-906F-0960D31DD335}"
EndProject
Global
	GlobalSection(SolutionConfigurationPlatforms) = preSolution
		Debug|iPhoneSimulator = Debug|iPhoneSimulator
		Release|iPhoneSimulator = Release|iPhoneSimulator
		Debug|iPhone = Debug|iPhone
		Release|iPhone = Release|iPhone
	EndGlobalSection
	GlobalSection(ProjectConfigurationPlatforms) = postSolution
		{15D8E98D-D803-4CCC-906F-0960D31DD335}.Debug|iPhone.ActiveCfg = Debug|iPhone
		{15D8E98D-D803-4CCC-906F-0960D31DD335}.Debug|iPhone.Build.0 = Debug|iPhone
		{15D8E98D-D803-4CCC-906F-0960D31DD335}.Debug|iPhoneSimulator.ActiveCfg = Debug|iPhoneSimulator
		{15D8E98D-D803-4CCC-906F-0960D31DD335}.Debug|iPhoneSimulator.Build.0 = Debug|iPhoneSimulator
		{15D8E98D-D803-4CCC-906F-0960D31DD335}.Release|iPhone.ActiveCfg = Release|iPhone
		{15D8E98D-D803-4CCC-906F-0960D31DD335}.Release|iPhone.Build.0 = Release|iPhone
		{15D8E98D-D803-4CCC-906F-0960D31DD335}.Release|iPhoneSimulator.ActiveCfg = Release|iPhoneSimulator
		{15D8E98D-D803-4CCC-906F-0960D31DD335}.Release|iPhoneSimulator.Build.0 = Release|iPhoneSimulator
	EndGlobalSection
EndGlobal
